
Microsoft Visual Studio Solution File, Format Version 12.00
# Visual Studio 14
VisualStudioVersion = 14.0.23107.0
MinimumVisualStudioVersion = 10.0.40219.1
Project("{FAE04EC0-301F-11D3-BF4B-00C04F79EFBC}") = "MiniTestProject", "MiniTestProject\MiniTestProject.csproj", "{47C46609-8D35-4DFF-AF09-247F4900E5AD}"
EndProject
Project("{FAE04EC0-301F-11D3-BF4B-00C04F79EFBC}") = "Extension", "Extension\Extension.csproj", "{80805C0C-E30C-428A-8A4A-54F98AC8D8CE}"
EndProject
Global
	GlobalSection(SolutionConfigurationPlatforms) = preSolution
		Debug|Any CPU = Debug|Any CPU
		Release|Any CPU = Release|Any CPU
	EndGlobalSection
	GlobalSection(ProjectConfigurationPlatforms) = postSolution
		{47C46609-8D35-4DFF-AF09-247F4900E5AD}.Debug|Any CPU.ActiveCfg = Debug|Any CPU
		{47C46609-8D35-4DFF-AF09-247F4900E5AD}.Debug|Any CPU.Build.0 = Debug|Any CPU
		{47C46609-8D35-4DFF-AF09-247F4900E5AD}.Release|Any CPU.ActiveCfg = Release|Any CPU
		{47C46609-8D35-4DFF-AF09-247F4900E5AD}.Release|Any CPU.Build.0 = Release|Any CPU
		{80805C0C-E30C-428A-8A4A-54F98AC8D8CE}.Debug|Any CPU.ActiveCfg = Debug|Any CPU
		{80805C0C-E30C-428A-8A4A-54F98AC8D8CE}.Debug|Any CPU.Build.0 = Debug|Any CPU
		{80805C0C-E30C-428A-8A4A-54F98AC8D8CE}.Release|Any CPU.ActiveCfg = Release|Any CPU
		{80805C0C-E30C-428A-8A4A-54F98AC8D8CE}.Release|Any CPU.Build.0 = Release|Any CPU
	EndGlobalSection
	GlobalSection(SolutionProperties) = preSolution
		HideSolutionNode = FALSE
	EndGlobalSection
EndGlobal
